// !$*UTF8*$!
{
	archiveVersion = 1;
	classes = {
	};
	objectVersion = 50;
	objects = {

/* Begin PBXBuildFile section */
		487C48A557BC8BB0B9731D62 /* Pods_rewardTests.framework in Frameworks */ = {isa = PBXBuildFile; fileRef = C0A95BAF48549089206722CF /* Pods_rewardTests.framework */; };
		4E4182AB25DC606200DF92D7 /* AppDelegate.m in Sources */ = {isa = PBXBuildFile; fileRef = 4E4182AA25DC606200DF92D7 /* AppDelegate.m */; };
		4E4182AE25DC606200DF92D7 /* SceneDelegate.m in Sources */ = {isa = PBXBuildFile; fileRef = 4E4182AD25DC606200DF92D7 /* SceneDelegate.m */; };
		4E4182B125DC606200DF92D7 /* ViewController.m in Sources */ = {isa = PBXBuildFile; fileRef = 4E4182B025DC606200DF92D7 /* ViewController.m */; };
		4E4182B425DC606200DF92D7 /* Main.storyboard in Resources */ = {isa = PBXBuildFile; fileRef = 4E4182B225DC606200DF92D7 /* Main.storyboard */; };
		4E4182B625DC606300DF92D7 /* Assets.xcassets in Resources */ = {isa = PBXBuildFile; fileRef = 4E4182B525DC606300DF92D7 /* Assets.xcassets */; };
		4E4182B925DC606300DF92D7 /* LaunchScreen.storyboard in Resources */ = {isa = PBXBuildFile; fileRef = 4E4182B725DC606300DF92D7 /* LaunchScreen.storyboard */; };
		4E4182BC25DC606300DF92D7 /* main.m in Sources */ = {isa = PBXBuildFile; fileRef = 4E4182BB25DC606300DF92D7 /* main.m */; };
		4E4182C625DC606300DF92D7 /* rewardTests.m in Sources */ = {isa = PBXBuildFile; fileRef = 4E4182C525DC606300DF92D7 /* rewardTests.m */; };
		4E4182D125DC606300DF92D7 /* rewardUITests.m in Sources */ = {isa = PBXBuildFile; fileRef = 4E4182D025DC606300DF92D7 /* rewardUITests.m */; };
		A84DDD1CA63B4B82A0DFD074 /* Pods_reward.framework in Frameworks */ = {isa = PBXBuildFile; fileRef = 2C36DC08B4E76C23AFDF1FCE /* Pods_reward.framework */; };
		C6049D66F85C13E36F28FEC2 /* Pods_reward_rewardUITests.framework in Frameworks */ = {isa = PBXBuildFile; fileRef = 5D64CC2DC0C2B8CFF6143768 /* Pods_reward_rewardUITests.framework */; };
/* End PBXBuildFile section */

/* Begin PBXContainerItemProxy section */
		4E4182C225DC606300DF92D7 /* PBXContainerItemProxy */ = {
			isa = PBXContainerItemProxy;
			containerPortal = 4E41829E25DC606200DF92D7 /* Project object */;
			proxyType = 1;
			remoteGlobalIDString = 4E4182A525DC606200DF92D7;
			remoteInfo = reward;
		};
		4E4182CD25DC606300DF92D7 /* PBXContainerItemProxy */ = {
			isa = PBXContainerItemProxy;
			containerPortal = 4E41829E25DC606200DF92D7 /* Project object */;
			proxyType = 1;
			remoteGlobalIDString = 4E4182A525DC606200DF92D7;
			remoteInfo = reward;
		};
/* End PBXContainerItemProxy section */

/* Begin PBXFileReference section */
		13654809D6A54B0216472A85 /* Pods-reward-rewardUITests.release.xcconfig */ = {isa = PBXFileReference; includeInIndex = 1; lastKnownFileType = text.xcconfig; name = "Pods-reward-rewardUITests.release.xcconfig"; path = "Target Support Files/Pods-reward-rewardUITests/Pods-reward-rewardUITests.release.xcconfig"; sourceTree = "<group>"; };
		1732D1163A11CC5026E1B7B4 /* Pods-reward-rewardUITests.debug.xcconfig */ = {isa = PBXFileReference; includeInIndex = 1; lastKnownFileType = text.xcconfig; name = "Pods-reward-rewardUITests.debug.xcconfig"; path = "Target Support Files/Pods-reward-rewardUITests/Pods-reward-rewardUITests.debug.xcconfig"; sourceTree = "<group>"; };
		2C36DC08B4E76C23AFDF1FCE /* Pods_reward.framework */ = {isa = PBXFileReference; explicitFileType = wrapper.framework; includeInIndex = 0; path = Pods_reward.framework; sourceTree = BUILT_PRODUCTS_DIR; };
		4E4182A625DC606200DF92D7 /* reward.app */ = {isa = PBXFileReference; explicitFileType = wrapper.application; includeInIndex = 0; path = reward.app; sourceTree = BUILT_PRODUCTS_DIR; };
		4E4182A925DC606200DF92D7 /* AppDelegate.h */ = {isa = PBXFileReference; lastKnownFileType = sourcecode.c.h; path = AppDelegate.h; sourceTree = "<group>"; };
		4E4182AA25DC606200DF92D7 /* AppDelegate.m */ = {isa = PBXFileReference; lastKnownFileType = sourcecode.c.objc; path = AppDelegate.m; sourceTree = "<group>"; };
		4E4182AC25DC606200DF92D7 /* SceneDelegate.h */ = {isa = PBXFileReference; lastKnownFileType = sourcecode.c.h; path = SceneDelegate.h; sourceTree = "<group>"; };
		4E4182AD25DC606200DF92D7 /* SceneDelegate.m */ = {isa = PBXFileReference; lastKnownFileType = sourcecode.c.objc; path = SceneDelegate.m; sourceTree = "<group>"; };
		4E4182AF25DC606200DF92D7 /* ViewController.h */ = {isa = PBXFileReference; lastKnownFileType = sourcecode.c.h; path = ViewController.h; sourceTree = "<group>"; };
		4E4182B025DC606200DF92D7 /* ViewController.m */ = {isa = PBXFileReference; lastKnownFileType = sourcecode.c.objc; path = ViewController.m; sourceTree = "<group>"; };
		4E4182B325DC606200DF92D7 /* Base */ = {isa = PBXFileReference; lastKnownFileType = file.storyboard; name = Base; path = Base.lproj/Main.storyboard; sourceTree = "<group>"; };
		4E4182B525DC606300DF92D7 /* Assets.xcassets */ = {isa = PBXFileReference; lastKnownFileType = folder.assetcatalog; path = Assets.xcassets; sourceTree = "<group>"; };
		4E4182B825DC606300DF92D7 /* Base */ = {isa = PBXFileReference; lastKnownFileType = file.storyboard; name = Base; path = Base.lproj/LaunchScreen.storyboard; sourceTree = "<group>"; };
		4E4182BA25DC606300DF92D7 /* Info.plist */ = {isa = PBXFileReference; lastKnownFileType = text.plist.xml; path = Info.plist; sourceTree = "<group>"; };
		4E4182BB25DC606300DF92D7 /* main.m */ = {isa = PBXFileReference; lastKnownFileType = sourcecode.c.objc; path = main.m; sourceTree = "<group>"; };
		4E4182C125DC606300DF92D7 /* rewardTests.xctest */ = {isa = PBXFileReference; explicitFileType = wrapper.cfbundle; includeInIndex = 0; path = rewardTests.xctest; sourceTree = BUILT_PRODUCTS_DIR; };
		4E4182C525DC606300DF92D7 /* rewardTests.m */ = {isa = PBXFileReference; lastKnownFileType = sourcecode.c.objc; path = rewardTests.m; sourceTree = "<group>"; };
		4E4182C725DC606300DF92D7 /* Info.plist */ = {isa = PBXFileReference; lastKnownFileType = text.plist.xml; path = Info.plist; sourceTree = "<group>"; };
		4E4182CC25DC606300DF92D7 /* rewardUITests.xctest */ = {isa = PBXFileReference; explicitFileType = wrapper.cfbundle; includeInIndex = 0; path = rewardUITests.xctest; sourceTree = BUILT_PRODUCTS_DIR; };
		4E4182D025DC606300DF92D7 /* rewardUITests.m */ = {isa = PBXFileReference; lastKnownFileType = sourcecode.c.objc; path = rewardUITests.m; sourceTree = "<group>"; };
		4E4182D225DC606300DF92D7 /* Info.plist */ = {isa = PBXFileReference; lastKnownFileType = text.plist.xml; path = Info.plist; sourceTree = "<group>"; };
		5D64CC2DC0C2B8CFF6143768 /* Pods_reward_rewardUITests.framework */ = {isa = PBXFileReference; explicitFileType = wrapper.framework; includeInIndex = 0; path = Pods_reward_rewardUITests.framework; sourceTree = BUILT_PRODUCTS_DIR; };
		77C13C0411DFED9B5B6B1A63 /* Pods-rewardTests.release.xcconfig */ = {isa = PBXFileReference; includeInIndex = 1; lastKnownFileType = text.xcconfig; name = "Pods-rewardTests.release.xcconfig"; path = "Target Support Files/Pods-rewardTests/Pods-rewardTests.release.xcconfig"; sourceTree = "<group>"; };
		7ECEA4B617D6B825F5A0E5E3 /* Pods-rewardTests.debug.xcconfig */ = {isa = PBXFileReference; includeInIndex = 1; lastKnownFileType = text.xcconfig; name = "Pods-rewardTests.debug.xcconfig"; path = "Target Support Files/Pods-rewardTests/Pods-rewardTests.debug.xcconfig"; sourceTree = "<group>"; };
		952351EA7B8AB7127B5F83BB /* Pods-reward.release.xcconfig */ = {isa = PBXFileReference; includeInIndex = 1; lastKnownFileType = text.xcconfig; name = "Pods-reward.release.xcconfig"; path = "Target Support Files/Pods-reward/Pods-reward.release.xcconfig"; sourceTree = "<group>"; };
		C0A95BAF48549089206722CF /* Pods_rewardTests.framework */ = {isa = PBXFileReference; explicitFileType = wrapper.framework; includeInIndex = 0; path = Pods_rewardTests.framework; sourceTree = BUILT_PRODUCTS_DIR; };
		E7593C48FB1BE5798E5C87AD /* Pods-reward.debug.xcconfig */ = {isa = PBXFileReference; includeInIndex = 1; lastKnownFileType = text.xcconfig; name = "Pods-reward.debug.xcconfig"; path = "Target Support Files/Pods-reward/Pods-reward.debug.xcconfig"; sourceTree = "<group>"; };
/* End PBXFileReference section */

/* Begin PBXFrameworksBuildPhase section */
		4E4182A325DC606200DF92D7 /* Frameworks */ = {
			isa = PBXFrameworksBuildPhase;
			buildActionMask = 2147483647;
			files = (
				A84DDD1CA63B4B82A0DFD074 /* Pods_reward.framework in Frameworks */,
			);
			runOnlyForDeploymentPostprocessing = 0;
		};
		4E4182BE25DC606300DF92D7 /* Frameworks */ = {
			isa = PBXFrameworksBuildPhase;
			buildActionMask = 2147483647;
			files = (
				487C48A557BC8BB0B9731D62 /* Pods_rewardTests.framework in Frameworks */,
			);
			runOnlyForDeploymentPostprocessing = 0;
		};
		4E4182C925DC606300DF92D7 /* Frameworks */ = {
			isa = PBXFrameworksBuildPhase;
			buildActionMask = 2147483647;
			files = (
				C6049D66F85C13E36F28FEC2 /* Pods_reward_rewardUITests.framework in Frameworks */,
			);
			runOnlyForDeploymentPostprocessing = 0;
		};
/* End PBXFrameworksBuildPhase section */

/* Begin PBXGroup section */
		0CB04696FF4D328F9EDB09FF /* Pods */ = {
			isa = PBXGroup;
			children = (
				E7593C48FB1BE5798E5C87AD /* Pods-reward.debug.xcconfig */,
				952351EA7B8AB7127B5F83BB /* Pods-reward.release.xcconfig */,
				1732D1163A11CC5026E1B7B4 /* Pods-reward-rewardUITests.debug.xcconfig */,
				13654809D6A54B0216472A85 /* Pods-reward-rewardUITests.release.xcconfig */,
				7ECEA4B617D6B825F5A0E5E3 /* Pods-rewardTests.debug.xcconfig */,
				77C13C0411DFED9B5B6B1A63 /* Pods-rewardTests.release.xcconfig */,
			);
			path = Pods;
			sourceTree = "<group>";
		};
		4E41829D25DC606200DF92D7 = {
			isa = PBXGroup;
			children = (
				4E4182A825DC606200DF92D7 /* reward */,
				4E4182C425DC606300DF92D7 /* rewardTests */,
				4E4182CF25DC606300DF92D7 /* rewardUITests */,
				4E4182A725DC606200DF92D7 /* Products */,
				0CB04696FF4D328F9EDB09FF /* Pods */,
				8D627E146FBB9ABDB136BEEB /* Frameworks */,
			);
			sourceTree = "<group>";
		};
		4E4182A725DC606200DF92D7 /* Products */ = {
			isa = PBXGroup;
			children = (
				4E4182A625DC606200DF92D7 /* reward.app */,
				4E4182C125DC606300DF92D7 /* rewardTests.xctest */,
				4E4182CC25DC606300DF92D7 /* rewardUITests.xctest */,
			);
			name = Products;
			sourceTree = "<group>";
		};
		4E4182A825DC606200DF92D7 /* reward */ = {
			isa = PBXGroup;
			children = (
				4E4182A925DC606200DF92D7 /* AppDelegate.h */,
				4E4182AA25DC606200DF92D7 /* AppDelegate.m */,
				4E4182AC25DC606200DF92D7 /* SceneDelegate.h */,
				4E4182AD25DC606200DF92D7 /* SceneDelegate.m */,
				4E4182AF25DC606200DF92D7 /* ViewController.h */,
				4E4182B025DC606200DF92D7 /* ViewController.m */,
				4E4182B225DC606200DF92D7 /* Main.storyboard */,
				4E4182B525DC606300DF92D7 /* Assets.xcassets */,
				4E4182B725DC606300DF92D7 /* LaunchScreen.storyboard */,
				4E4182BA25DC606300DF92D7 /* Info.plist */,
				4E4182BB25DC606300DF92D7 /* main.m */,
			);
			path = reward;
			sourceTree = "<group>";
		};
		4E4182C425DC606300DF92D7 /* rewardTests */ = {
			isa = PBXGroup;
			children = (
				4E4182C525DC606300DF92D7 /* rewardTests.m */,
				4E4182C725DC606300DF92D7 /* Info.plist */,
			);
			path = rewardTests;
			sourceTree = "<group>";
		};
		4E4182CF25DC606300DF92D7 /* rewardUITests */ = {
			isa = PBXGroup;
			children = (
				4E4182D025DC606300DF92D7 /* rewardUITests.m */,
				4E4182D225DC606300DF92D7 /* Info.plist */,
			);
			path = rewardUITests;
			sourceTree = "<group>";
		};
		8D627E146FBB9ABDB136BEEB /* Frameworks */ = {
			isa = PBXGroup;
			children = (
				2C36DC08B4E76C23AFDF1FCE /* Pods_reward.framework */,
				5D64CC2DC0C2B8CFF6143768 /* Pods_reward_rewardUITests.framework */,
				C0A95BAF48549089206722CF /* Pods_rewardTests.framework */,
			);
			name = Frameworks;
			sourceTree = "<group>";
		};
/* End PBXGroup section */

/* Begin PBXNativeTarget section */
		4E4182A525DC606200DF92D7 /* reward */ = {
			isa = PBXNativeTarget;
			buildConfigurationList = 4E4182D525DC606300DF92D7 /* Build configuration list for PBXNativeTarget "reward" */;
			buildPhases = (
				1FB684987A58CA069649205D /* [CP] Check Pods Manifest.lock */,
				4E4182A225DC606200DF92D7 /* Sources */,
				4E4182A325DC606200DF92D7 /* Frameworks */,
				4E4182A425DC606200DF92D7 /* Resources */,
			);
			buildRules = (
			);
			dependencies = (
			);
			name = reward;
			productName = reward;
			productReference = 4E4182A625DC606200DF92D7 /* reward.app */;
			productType = "com.apple.product-type.application";
		};
		4E4182C025DC606300DF92D7 /* rewardTests */ = {
			isa = PBXNativeTarget;
			buildConfigurationList = 4E4182D825DC606300DF92D7 /* Build configuration list for PBXNativeTarget "rewardTests" */;
			buildPhases = (
				D35352036D74D31FC793ECC9 /* [CP] Check Pods Manifest.lock */,
				4E4182BD25DC606300DF92D7 /* Sources */,
				4E4182BE25DC606300DF92D7 /* Frameworks */,
				4E4182BF25DC606300DF92D7 /* Resources */,
			);
			buildRules = (
			);
			dependencies = (
				4E4182C325DC606300DF92D7 /* PBXTargetDependency */,
			);
			name = rewardTests;
			productName = rewardTests;
			productReference = 4E4182C125DC606300DF92D7 /* rewardTests.xctest */;
			productType = "com.apple.product-type.bundle.unit-test";
		};
		4E4182CB25DC606300DF92D7 /* rewardUITests */ = {
			isa = PBXNativeTarget;
			buildConfigurationList = 4E4182DB25DC606300DF92D7 /* Build configuration list for PBXNativeTarget "rewardUITests" */;
			buildPhases = (
				D4CC9EEEF5423780A35B4368 /* [CP] Check Pods Manifest.lock */,
				4E4182C825DC606300DF92D7 /* Sources */,
				4E4182C925DC606300DF92D7 /* Frameworks */,
				4E4182CA25DC606300DF92D7 /* Resources */,
			);
			buildRules = (
			);
			dependencies = (
				4E4182CE25DC606300DF92D7 /* PBXTargetDependency */,
			);
			name = rewardUITests;
			productName = rewardUITests;
			productReference = 4E4182CC25DC606300DF92D7 /* rewardUITests.xctest */;
			productType = "com.apple.product-type.bundle.ui-testing";
		};
/* End PBXNativeTarget section */

/* Begin PBXProject section */
		4E41829E25DC606200DF92D7 /* Project object */ = {
			isa = PBXProject;
			attributes = {
				LastUpgradeCheck = 1240;
				TargetAttributes = {
					4E4182A525DC606200DF92D7 = {
						CreatedOnToolsVersion = 12.4;
					};
					4E4182C025DC606300DF92D7 = {
						CreatedOnToolsVersion = 12.4;
						TestTargetID = 4E4182A525DC606200DF92D7;
					};
					4E4182CB25DC606300DF92D7 = {
						CreatedOnToolsVersion = 12.4;
						TestTargetID = 4E4182A525DC606200DF92D7;
					};
				};
			};
			buildConfigurationList = 4E4182A125DC606200DF92D7 /* Build configuration list for PBXProject "reward" */;
			compatibilityVersion = "Xcode 9.3";
			developmentRegion = en;
			hasScannedForEncodings = 0;
			knownRegions = (
				en,
				Base,
			);
			mainGroup = 4E41829D25DC606200DF92D7;
			productRefGroup = 4E4182A725DC606200DF92D7 /* Products */;
			projectDirPath = "";
			projectRoot = "";
			targets = (
				4E4182A525DC606200DF92D7 /* reward */,
				4E4182C025DC606300DF92D7 /* rewardTests */,
				4E4182CB25DC606300DF92D7 /* rewardUITests */,
			);
		};
/* End PBXProject section */

/* Begin PBXResourcesBuildPhase section */
		4E4182A425DC606200DF92D7 /* Resources */ = {
			isa = PBXResourcesBuildPhase;
			buildActionMask = 2147483647;
			files = (
				4E4182B925DC606300DF92D7 /* LaunchScreen.storyboard in Resources */,
				4E4182B625DC606300DF92D7 /* Assets.xcassets in Resources */,
				4E4182B425DC606200DF92D7 /* Main.storyboard in Resources */,
			);
			runOnlyForDeploymentPostprocessing = 0;
		};
		4E4182BF25DC606300DF92D7 /* Resources */ = {
			isa = PBXResourcesBuildPhase;
			buildActionMask = 2147483647;
			files = (
			);
			runOnlyForDeploymentPostprocessing = 0;
		};
		4E4182CA25DC606300DF92D7 /* Resources */ = {
			isa = PBXResourcesBuildPhase;
			buildActionMask = 2147483647;
			files = (
			);
			runOnlyForDeploymentPostprocessing = 0;
		};
/* End PBXResourcesBuildPhase section */

/* Begin PBXShellScriptBuildPhase section */
		1FB684987A58CA069649205D /* [CP] Check Pods Manifest.lock */ = {
			isa = PBXShellScriptBuildPhase;
			buildActionMask = 2147483647;
			files = (
			);
			inputFileListPaths = (
			);
			inputPaths = (
				"${PODS_PODFILE_DIR_PATH}/Podfile.lock",
				"${PODS_ROOT}/Manifest.lock",
			);
			name = "[CP] Check Pods Manifest.lock";
			outputFileListPaths = (
			);
			outputPaths = (
				"$(DERIVED_FILE_DIR)/Pods-reward-checkManifestLockResult.txt",
			);
			runOnlyForDeploymentPostprocessing = 0;
			shellPath = /bin/sh;
			shellScript = "diff \"${PODS_PODFILE_DIR_PATH}/Podfile.lock\" \"${PODS_ROOT}/Manifest.lock\" > /dev/null\nif [ $? != 0 ] ; then\n    # print error to STDERR\n    echo \"error: The sandbox is not in sync with the Podfile.lock. Run 'pod install' or update your CocoaPods installation.\" >&2\n    exit 1\nfi\n# This output is used by Xcode 'outputs' to avoid re-running this script phase.\necho \"SUCCESS\" > \"${SCRIPT_OUTPUT_FILE_0}\"\n";
			showEnvVarsInLog = 0;
		};
		D35352036D74D31FC793ECC9 /* [CP] Check Pods Manifest.lock */ = {
			isa = PBXShellScriptBuildPhase;
			buildActionMask = 2147483647;
			files = (
			);
			inputFileListPaths = (
			);
			inputPaths = (
				"${PODS_PODFILE_DIR_PATH}/Podfile.lock",
				"${PODS_ROOT}/Manifest.lock",
			);
			name = "[CP] Check Pods Manifest.lock";
			outputFileListPaths = (
			);
			outputPaths = (
				"$(DERIVED_FILE_DIR)/Pods-rewardTests-checkManifestLockResult.txt",
			);
			runOnlyForDeploymentPostprocessing = 0;
			shellPath = /bin/sh;
			shellScript = "diff \"${PODS_PODFILE_DIR_PATH}/Podfile.lock\" \"${PODS_ROOT}/Manifest.lock\" > /dev/null\nif [ $? != 0 ] ; then\n    # print error to STDERR\n    echo \"error: The sandbox is not in sync with the Podfile.lock. Run 'pod install' or update your CocoaPods installation.\" >&2\n    exit 1\nfi\n# This output is used by Xcode 'outputs' to avoid re-running this script phase.\necho \"SUCCESS\" > \"${SCRIPT_OUTPUT_FILE_0}\"\n";
			showEnvVarsInLog = 0;
		};
		D4CC9EEEF5423780A35B4368 /* [CP] Check Pods Manifest.lock */ = {
			isa = PBXShellScriptBuildPhase;
			buildActionMask = 2147483647;
			files = (
			);
			inputFileListPaths = (
			);
			inputPaths = (
				"${PODS_PODFILE_DIR_PATH}/Podfile.lock",
				"${PODS_ROOT}/Manifest.lock",
			);
			name = "[CP] Check Pods Manifest.lock";
			outputFileListPaths = (
			);
			outputPaths = (
				"$(DERIVED_FILE_DIR)/Pods-reward-rewardUITests-checkManifestLockResult.txt",
			);
			runOnlyForDeploymentPostprocessing = 0;
			shellPath = /bin/sh;
			shellScript = "diff \"${PODS_PODFILE_DIR_PATH}/Podfile.lock\" \"${PODS_ROOT}/Manifest.lock\" > /dev/null\nif [ $? != 0 ] ; then\n    # print error to STDERR\n    echo \"error: The sandbox is not in sync with the Podfile.lock. Run 'pod install' or update your CocoaPods installation.\" >&2\n    exit 1\nfi\n# This output is used by Xcode 'outputs' to avoid re-running this script phase.\necho \"SUCCESS\" > \"${SCRIPT_OUTPUT_FILE_0}\"\n";
			showEnvVarsInLog = 0;
		};
/* End PBXShellScriptBuildPhase section */

/* Begin PBXSourcesBuildPhase section */
		4E4182A225DC606200DF92D7 /* Sources */ = {
			isa = PBXSourcesBuildPhase;
			buildActionMask = 2147483647;
			files = (
				4E4182B125DC606200DF92D7 /* ViewController.m in Sources */,
				4E4182AB25DC606200DF92D7 /* AppDelegate.m in Sources */,
				4E4182BC25DC606300DF92D7 /* main.m in Sources */,
				4E4182AE25DC606200DF92D7 /* SceneDelegate.m in Sources */,
			);
			runOnlyForDeploymentPostprocessing = 0;
		};
		4E4182BD25DC606300DF92D7 /* Sources */ = {
			isa = PBXSourcesBuildPhase;
			buildActionMask = 2147483647;
			files = (
				4E4182C625DC606300DF92D7 /* rewardTests.m in Sources */,
			);
			runOnlyForDeploymentPostprocessing = 0;
		};
		4E4182C825DC606300DF92D7 /* Sources */ = {
			isa = PBXSourcesBuildPhase;
			buildActionMask = 2147483647;
			files = (
				4E4182D125DC606300DF92D7 /* rewardUITests.m in Sources */,
			);
			runOnlyForDeploymentPostprocessing = 0;
		};
/* End PBXSourcesBuildPhase section */

/* Begin PBXTargetDependency section */
		4E4182C325DC606300DF92D7 /* PBXTargetDependency */ = {
			isa = PBXTargetDependency;
			target = 4E4182A525DC606200DF92D7 /* reward */;
			targetProxy = 4E4182C225DC606300DF92D7 /* PBXContainerItemProxy */;
		};
		4E4182CE25DC606300DF92D7 /* PBXTargetDependency */ = {
			isa = PBXTargetDependency;
			target = 4E4182A525DC606200DF92D7 /* reward */;
			targetProxy = 4E4182CD25DC606300DF92D7 /* PBXContainerItemProxy */;
		};
/* End PBXTargetDependency section */

/* Begin PBXVariantGroup section */
		4E4182B225DC606200DF92D7 /* Main.storyboard */ = {
			isa = PBXVariantGroup;
			children = (
				4E4182B325DC606200DF92D7 /* Base */,
			);
			name = Main.storyboard;
			sourceTree = "<group>";
		};
		4E4182B725DC606300DF92D7 /* LaunchScreen.storyboard */ = {
			isa = PBXVariantGroup;
			children = (
				4E4182B825DC606300DF92D7 /* Base */,
			);
			name = LaunchScreen.storyboard;
			sourceTree = "<group>";
		};
/* End PBXVariantGroup section */

/* Begin XCBuildConfiguration section */
		4E4182D325DC606300DF92D7 /* Debug */ = {
			isa = XCBuildConfiguration;
			buildSettings = {
				ALWAYS_SEARCH_USER_PATHS = NO;
				CLANG_ANALYZER_NONNULL = YES;
				CLANG_ANALYZER_NUMBER_OBJECT_CONVERSION = YES_AGGRESSIVE;
				CLANG_CXX_LANGUAGE_STANDARD = "gnu++14";
				CLANG_CXX_LIBRARY = "libc++";
				CLANG_ENABLE_MODULES = YES;
				CLANG_ENABLE_OBJC_ARC = YES;
				CLANG_ENABLE_OBJC_WEAK = YES;
				CLANG_WARN_BLOCK_CAPTURE_AUTORELEASING = YES;
				CLANG_WARN_BOOL_CONVERSION = YES;
				CLANG_WARN_COMMA = YES;
				CLANG_WARN_CONSTANT_CONVERSION = YES;
				CLANG_WARN_DEPRECATED_OBJC_IMPLEMENTATIONS = YES;
				CLANG_WARN_DIRECT_OBJC_ISA_USAGE = YES_ERROR;
				CLANG_WARN_DOCUMENTATION_COMMENTS = YES;
				CLANG_WARN_EMPTY_BODY = YES;
				CLANG_WARN_ENUM_CONVERSION = YES;
				CLANG_WARN_INFINITE_RECURSION = YES;
				CLANG_WARN_INT_CONVERSION = YES;
				CLANG_WARN_NON_LITERAL_NULL_CONVERSION = YES;
				CLANG_WARN_OBJC_IMPLICIT_RETAIN_SELF = YES;
				CLANG_WARN_OBJC_LITERAL_CONVERSION = YES;
				CLANG_WARN_OBJC_ROOT_CLASS = YES_ERROR;
				CLANG_WARN_QUOTED_INCLUDE_IN_FRAMEWORK_HEADER = YES;
				CLANG_WARN_RANGE_LOOP_ANALYSIS = YES;
				CLANG_WARN_STRICT_PROTOTYPES = YES;
				CLANG_WARN_SUSPICIOUS_MOVE = YES;
				CLANG_WARN_UNGUARDED_AVAILABILITY = YES_AGGRESSIVE;
				CLANG_WARN_UNREACHABLE_CODE = YES;
				CLANG_WARN__DUPLICATE_METHOD_MATCH = YES;
				COPY_PHASE_STRIP = NO;
				DEBUG_INFORMATION_FORMAT = dwarf;
				ENABLE_STRICT_OBJC_MSGSEND = YES;
				ENABLE_TESTABILITY = YES;
				GCC_C_LANGUAGE_STANDARD = gnu11;
				GCC_DYNAMIC_NO_PIC = NO;
				GCC_NO_COMMON_BLOCKS = YES;
				GCC_OPTIMIZATION_LEVEL = 0;
				GCC_PREPROCESSOR_DEFINITIONS = (
					"DEBUG=1",
					"$(inherited)",
				);
				GCC_WARN_64_TO_32_BIT_CONVERSION = YES;
				GCC_WARN_ABOUT_RETURN_TYPE = YES_ERROR;
				GCC_WARN_UNDECLARED_SELECTOR = YES;
				GCC_WARN_UNINITIALIZED_AUTOS = YES_AGGRESSIVE;
				GCC_WARN_UNUSED_FUNCTION = YES;
				GCC_WARN_UNUSED_VARIABLE = YES;
				IPHONEOS_DEPLOYMENT_TARGET = 10.0;
				MTL_ENABLE_DEBUG_INFO = INCLUDE_SOURCE;
				MTL_FAST_MATH = YES;
				ONLY_ACTIVE_ARCH = YES;
				SDKROOT = iphoneos;
			};
			name = Debug;
		};
		4E4182D425DC606300DF92D7 /* Release */ = {
			isa = XCBuildConfiguration;
			buildSettings = {
				ALWAYS_SEARCH_USER_PATHS = NO;
				CLANG_ANALYZER_NONNULL = YES;
				CLANG_ANALYZER_NUMBER_OBJECT_CONVERSION = YES_AGGRESSIVE;
				CLANG_CXX_LANGUAGE_STANDARD = "gnu++14";
				CLANG_CXX_LIBRARY = "libc++";
				CLANG_ENABLE_MODULES = YES;
				CLANG_ENABLE_OBJC_ARC = YES;
				CLANG_ENABLE_OBJC_WEAK = YES;
				CLANG_WARN_BLOCK_CAPTURE_AUTORELEASING = YES;
				CLANG_WARN_BOOL_CONVERSION = YES;
				CLANG_WARN_COMMA = YES;
				CLANG_WARN_CONSTANT_CONVERSION = YES;
				CLANG_WARN_DEPRECATED_OBJC_IMPLEMENTATIONS = YES;
				CLANG_WARN_DIRECT_OBJC_ISA_USAGE = YES_ERROR;
				CLANG_WARN_DOCUMENTATION_COMMENTS = YES;
				CLANG_WARN_EMPTY_BODY = YES;
				CLANG_WARN_ENUM_CONVERSION = YES;
				CLANG_WARN_INFINITE_RECURSION = YES;
				CLANG_WARN_INT_CONVERSION = YES;
				CLANG_WARN_NON_LITERAL_NULL_CONVERSION = YES;
				CLANG_WARN_OBJC_IMPLICIT_RETAIN_SELF = YES;
				CLANG_WARN_OBJC_LITERAL_CONVERSION = YES;
				CLANG_WARN_OBJC_ROOT_CLASS = YES_ERROR;
				CLANG_WARN_QUOTED_INCLUDE_IN_FRAMEWORK_HEADER = YES;
				CLANG_WARN_RANGE_LOOP_ANALYSIS = YES;
				CLANG_WARN_STRICT_PROTOTYPES = YES;
				CLANG_WARN_SUSPICIOUS_MOVE = YES;
				CLANG_WARN_UNGUARDED_AVAILABILITY = YES_AGGRESSIVE;
				CLANG_WARN_UNREACHABLE_CODE = YES;
				CLANG_WARN__DUPLICATE_METHOD_MATCH = YES;
				COPY_PHASE_STRIP = NO;
				DEBUG_INFORMATION_FORMAT = "dwarf-with-dsym";
				ENABLE_NS_ASSERTIONS = NO;
				ENABLE_STRICT_OBJC_MSGSEND = YES;
				GCC_C_LANGUAGE_STANDARD = gnu11;
				GCC_NO_COMMON_BLOCKS = YES;
				GCC_WARN_64_TO_32_BIT_CONVERSION = YES;
				GCC_WARN_ABOUT_RETURN_TYPE = YES_ERROR;
				GCC_WARN_UNDECLARED_SELECTOR = YES;
				GCC_WARN_UNINITIALIZED_AUTOS = YES_AGGRESSIVE;
				GCC_WARN_UNUSED_FUNCTION = YES;
				GCC_WARN_UNUSED_VARIABLE = YES;
				IPHONEOS_DEPLOYMENT_TARGET = 10.0;
				MTL_ENABLE_DEBUG_INFO = NO;
				MTL_FAST_MATH = YES;
				SDKROOT = iphoneos;
				VALIDATE_PRODUCT = YES;
			};
			name = Release;
		};
		4E4182D625DC606300DF92D7 /* Debug */ = {
			isa = XCBuildConfiguration;
			baseConfigurationReference = E7593C48FB1BE5798E5C87AD /* Pods-reward.debug.xcconfig */;
			buildSettings = {
				ASSETCATALOG_COMPILER_APPICON_NAME = AppIcon;
				ASSETCATALOG_COMPILER_GLOBAL_ACCENT_COLOR_NAME = AccentColor;
				CODE_SIGN_STYLE = Automatic;
				DEVELOPMENT_TEAM = XAQEWW82JM;
				INFOPLIST_FILE = reward/Info.plist;
				LD_RUNPATH_SEARCH_PATHS = (
					"$(inherited)",
					"@executable_path/Frameworks",
				);
				PRODUCT_BUNDLE_IDENTIFIER = tangxi.reward;
				PRODUCT_NAME = "$(TARGET_NAME)";
				TARGETED_DEVICE_FAMILY = "1,2";
			};
			name = Debug;
		};
		4E4182D725DC606300DF92D7 /* Release */ = {
			isa = XCBuildConfiguration;
			baseConfigurationReference = 952351EA7B8AB7127B5F83BB /* Pods-reward.release.xcconfig */;
			buildSettings = {
				ASSETCATALOG_COMPILER_APPICON_NAME = AppIcon;
				ASSETCATALOG_COMPILER_GLOBAL_ACCENT_COLOR_NAME = AccentColor;
				CODE_SIGN_STYLE = Automatic;
				DEVELOPMENT_TEAM = XAQEWW82JM;
				INFOPLIST_FILE = reward/Info.plist;
				LD_RUNPATH_SEARCH_PATHS = (
					"$(inherited)",
					"@executable_path/Frameworks",
				);
				PRODUCT_BUNDLE_IDENTIFIER = tangxi.reward;
				PRODUCT_NAME = "$(TARGET_NAME)";
				TARGETED_DEVICE_FAMILY = "1,2";
			};
			name = Release;
		};
		4E4182D925DC606300DF92D7 /* Debug */ = {
			isa = XCBuildConfiguration;
			baseConfigurationReference = 7ECEA4B617D6B825F5A0E5E3 /* Pods-rewardTests.debug.xcconfig */;
			buildSettings = {
				BUNDLE_LOADER = "$(TEST_HOST)";
				CODE_SIGN_STYLE = Automatic;
				DEVELOPMENT_TEAM = XAQEWW82JM;
				INFOPLIST_FILE = rewardTests/Info.plist;
				IPHONEOS_DEPLOYMENT_TARGET = 14.4;
				LD_RUNPATH_SEARCH_PATHS = (
					"$(inherited)",
					"@executable_path/Frameworks",
					"@loader_path/Frameworks",
				);
				PRODUCT_BUNDLE_IDENTIFIER = tangxi.rewardTests;
				PRODUCT_NAME = "$(TARGET_NAME)";
				TARGETED_DEVICE_FAMILY = "1,2";
				TEST_HOST = "$(BUILT_PRODUCTS_DIR)/reward.app/reward";
			};
			name = Debug;
		};
		4E4182DA25DC606300DF92D7 /* Release */ = {
			isa = XCBuildConfiguration;
			baseConfigurationReference = 77C13C0411DFED9B5B6B1A63 /* Pods-rewardTests.release.xcconfig */;
			buildSettings = {
				BUNDLE_LOADER = "$(TEST_HOST)";
				CODE_SIGN_STYLE = Automatic;
				DEVELOPMENT_TEAM = XAQEWW82JM;
				INFOPLIST_FILE = rewardTests/Info.plist;
				IPHONEOS_DEPLOYMENT_TARGET = 14.4;
				LD_RUNPATH_SEARCH_PATHS = (
					"$(inherited)",
					"@executable_path/Frameworks",
					"@loader_path/Frameworks",
				);
				PRODUCT_BUNDLE_IDENTIFIER = tangxi.rewardTests;
				PRODUCT_NAME = "$(TARGET_NAME)";
				TARGETED_DEVICE_FAMILY = "1,2";
				TEST_HOST = "$(BUILT_PRODUCTS_DIR)/reward.app/reward";
			};
			name = Release;
		};
		4E4182DC25DC606300DF92D7 /* Debug */ = {
			isa = XCBuildConfiguration;
			baseConfigurationReference = 1732D1163A11CC5026E1B7B4 /* Pods-reward-rewardUITests.debug.xcconfig */;
			buildSettings = {
				CODE_SIGN_STYLE = Automatic;
				DEVELOPMENT_TEAM = XAQEWW82JM;
				INFOPLIST_FILE = rewardUITests/Info.plist;
				LD_RUNPATH_SEARCH_PATHS = (
					"$(inherited)",
					"@executable_path/Frameworks",
					"@loader_path/Frameworks",
				);
				PRODUCT_BUNDLE_IDENTIFIER = tangxi.rewardUITests;
				PRODUCT_NAME = "$(TARGET_NAME)";
				TARGETED_DEVICE_FAMILY = "1,2";
				TEST_TARGET_NAME = reward;
			};
			name = Debug;
		};
		4E4182DD25DC606300DF92D7 /* Release */ = {
			isa = XCBuildConfiguration;
			baseConfigurationReference = 13654809D6A54B0216472A85 /* Pods-reward-rewardUITests.release.xcconfig */;
			buildSettings = {
				CODE_SIGN_STYLE = Automatic;
				DEVELOPMENT_TEAM = XAQEWW82JM;
				INFOPLIST_FILE = rewardUITests/Info.plist;
				LD_RUNPATH_SEARCH_PATHS = (
					"$(inherited)",
					"@executable_path/Frameworks",
					"@loader_path/Frameworks",
				);
				PRODUCT_BUNDLE_IDENTIFIER = tangxi.rewardUITests;
				PRODUCT_NAME = "$(TARGET_NAME)";
				TARGETED_DEVICE_FAMILY = "1,2";
				TEST_TARGET_NAME = reward;
			};
			name = Release;
		};
/* End XCBuildConfiguration section */

/* Begin XCConfigurationList section */
		4E4182A125DC606200DF92D7 /* Build configuration list for PBXProject "reward" */ = {
			isa = XCConfigurationList;
			buildConfigurations = (
				4E4182D325DC606300DF92D7 /* Debug */,
				4E4182D425DC606300DF92D7 /* Release */,
			);
			defaultConfigurationIsVisible = 0;
			defaultConfigurationName = Release;
		};
		4E4182D525DC606300DF92D7 /* Build configuration list for PBXNativeTarget "reward" */ = {
			isa = XCConfigurationList;
			buildConfigurations = (
				4E4182D625DC606300DF92D7 /* Debug */,
				4E4182D725DC606300DF92D7 /* Release */,
			);
			defaultConfigurationIsVisible = 0;
			defaultConfigurationName = Release;
		};
		4E4182D825DC606300DF92D7 /* Build configuration list for PBXNativeTarget "rewardTests" */ = {
			isa = XCConfigurationList;
			buildConfigurations = (
				4E4182D925DC606300DF92D7 /* Debug */,
				4E4182DA25DC606300DF92D7 /* Release */,
			);
			defaultConfigurationIsVisible = 0;
			defaultConfigurationName = Release;
		};
		4E4182DB25DC606300DF92D7 /* Build configuration list for PBXNativeTarget "rewardUITests" */ = {
			isa = XCConfigurationList;
			buildConfigurations = (
				4E4182DC25DC606300DF92D7 /* Debug */,
				4E4182DD25DC606300DF92D7 /* Release */,
			);
			defaultConfigurationIsVisible = 0;
			defaultConfigurationName = Release;
		};
/* End XCConfigurationList section */
	};
	rootObject = 4E41829E25DC606200DF92D7 /* Project object */;
}
